PODS:
  - OCMock (3.1.5)
  - OHHTTPStubs (4.6.0):
    - OHHTTPStubs/Default (= 4.6.0)
  - OHHTTPStubs/Core (4.6.0)
  - OHHTTPStubs/Default (4.6.0):
    - OHHTTPStubs/Core
    - OHHTTPStubs/JSON
    - OHHTTPStubs/NSURLSession
    - OHHTTPStubs/OHPathHelpers
  - OHHTTPStubs/JSON (4.6.0):
    - OHHTTPStubs/Core
  - OHHTTPStubs/NSURLSession (4.6.0):
    - OHHTTPStubs/Core
  - OHHTTPStubs/OHPathHelpers (4.6.0)
  - OMGHTTPURLRQ/UserAgent (3.1.1)
  - TDOAuth (1.1.2):
    - OMGHTTPURLRQ/UserAgent

DEPENDENCIES:
  - OCMock (~> 3.1.5)
  - OHHTTPStubs (= 4.6.0)
  - TDOAuth (~> 1.1)

SPEC CHECKSUMS:
  OCMock: 4c2925291f80407c3738dd1db14d21d0cc278864
  OHHTTPStubs: cb1aefbbeb4de4e741644455d4b945538e5248a2
  OMGHTTPURLRQ: 633f98ee745aeda02345935a52eec1784cddb589
  TDOAuth: f7e356e834295b83c7b5066ee72a30f128c5f722

COCOAPODS: 0.38.2
