PODS:
  - OCMock (3.1.5)
  - OHHTTPStubs (4.6.0):
    - OHHTTPStubs/Default (= 4.6.0)
  - OHHTTPStubs/Core (4.6.0)
  - OHHTTPStubs/Default (4.6.0):
    - OHHTTPStubs/Core
    - OHHTTPStubs/JSON
    - OHHTTPStubs/NSURLSession
    - OHHTTPStubs/OHPathHelpers
  - OHHTTPStubs/JSON (4.6.0):
    - OHHTTPStubs/Core
  - OHHTTPStubs/NSURLSession (4.6.0):
    - OHHTTPStubs/Core
  - OHHTTPStubs/OHPathHelpers (4.6.0)

DEPENDENCIES:
  - OCMock (~> 3.1.5)
  - OHHTTPStubs (= 4.6.0)

SPEC CHECKSUMS:
  OCMock: 4c2925291f80407c3738dd1db14d21d0cc278864
  OHHTTPStubs: cb1aefbbeb4de4e741644455d4b945538e5248a2

PODFILE CHECKSUM: d80f38e55f174c740231c511353a6861c5648b4d

COCOAPODS: 1.1.0.rc.2
